
Microsoft Visual Studio Solution File, Format Version 12.00
# Visual Studio Version 17
VisualStudioVersion = 17.9.34714.143
MinimumVisualStudioVersion = 10.0.40219.1
Project("{FAE04EC0-301F-11D3-BF4B-00C04F79EFBC}") = "QLTKNH", "QLTKNH\QLTKNH.csproj", "{7CA75D82-2394-443C-9E9B-F643BBE6282A}"
EndProject
Global
	GlobalSection(SolutionConfigurationPlatforms) = preSolution
		Debug|Any CPU = Debug|Any CPU
		Release|Any CPU = Release|Any CPU
	EndGlobalSection
	GlobalSection(ProjectConfigurationPlatforms) = postSolution
		{7CA75D82-2394-443C-9E9B-F643BBE6282A}.Debug|Any CPU.ActiveCfg = Debug|Any CPU
		{7CA75D82-2394-443C-9E9B-F643BBE6282A}.Debug|Any CPU.Build.0 = Debug|Any CPU
		{7CA75D82-2394-443C-9E9B-F643BBE6282A}.Release|Any CPU.ActiveCfg = Release|Any CPU
		{7CA75D82-2394-443C-9E9B-F643BBE6282A}.Release|Any CPU.Build.0 = Release|Any CPU
	EndGlobalSection
	GlobalSection(SolutionProperties) = preSolution
		HideSolutionNode = FALSE
	EndGlobalSection
	GlobalSection(ExtensibilityGlobals) = postSolution
		SolutionGuid = {D48074C7-CD3F-49BB-A442-8A485F23FB17}
	EndGlobalSection
EndGlobal
